
Microsoft Visual Studio Solution File, Format Version 10.00
# Visual Studio 2008
Project("{FAE04EC0-301F-11D3-BF4B-00C04F79EFBC}") = "GPS.Tool", "GPS.Tool\GPS.Tool.csproj", "{9409B074-8631-4294-B965-22DCD7B430DD}"
EndProject
Project("{FAE04EC0-301F-11D3-BF4B-00C04F79EFBC}") = "GpsToolTest", "GpsToolTest\GpsToolTest.csproj", "{5367C9B7-4131-4EF6-B927-34B94D321591}"
EndProject
Project("{2150E333-8FDC-42A3-9474-1A3956D46DE8}") = "Solution Items", "Solution Items", "{42263D6A-0013-40FF-AC50-E71AA4EB9C2E}"
	ProjectSection(SolutionItems) = preProject
		GPSTool.vsmdi = GPSTool.vsmdi
		LocalTestRun.testrunconfig = LocalTestRun.testrunconfig
	EndProjectSection
EndProject
Global
	GlobalSection(TestCaseManagementSettings) = postSolution
		CategoryFile = GPSTool.vsmdi
	EndGlobalSection
	GlobalSection(SolutionConfigurationPlatforms) = preSolution
		Debug|Any CPU = Debug|Any CPU
		Release|Any CPU = Release|Any CPU
	EndGlobalSection
	GlobalSection(ProjectConfigurationPlatforms) = postSolution
		{9409B074-8631-4294-B965-22DCD7B430DD}.Debug|Any CPU.ActiveCfg = Debug|Any CPU
		{9409B074-8631-4294-B965-22DCD7B430DD}.Debug|Any CPU.Build.0 = Debug|Any CPU
		{9409B074-8631-4294-B965-22DCD7B430DD}.Release|Any CPU.ActiveCfg = Release|Any CPU
		{9409B074-8631-4294-B965-22DCD7B430DD}.Release|Any CPU.Build.0 = Release|Any CPU
		{5367C9B7-4131-4EF6-B927-34B94D321591}.Debug|Any CPU.ActiveCfg = Debug|Any CPU
		{5367C9B7-4131-4EF6-B927-34B94D321591}.Debug|Any CPU.Build.0 = Debug|Any CPU
		{5367C9B7-4131-4EF6-B927-34B94D321591}.Release|Any CPU.ActiveCfg = Release|Any CPU
		{5367C9B7-4131-4EF6-B927-34B94D321591}.Release|Any CPU.Build.0 = Release|Any CPU
	EndGlobalSection
	GlobalSection(SolutionProperties) = preSolution
		HideSolutionNode = FALSE
	EndGlobalSection
EndGlobal
