
Microsoft Visual Studio Solution File, Format Version 12.00
# Visual Studio Version 17
VisualStudioVersion = 17.0.32126.317
MinimumVisualStudioVersion = 10.0.40219.1
Project("{FAE04EC0-301F-11D3-BF4B-00C04F79EFBC}") = "GPSWebService", "GPSMonitor\GPSWebService.csproj", "{F87F4F06-71A9-43F2-9910-7B0E4B8A5AAD}"
EndProject
Project("{54435603-DBB4-11D2-8724-00A0C9A8B90C}") = "GPSServiceSetup", "GPSMonitorSetup\GPSMonitorSetup.vdproj", "{60E14C29-976C-45F1-AC69-9B381106750A}"
EndProject
Project("{FAE04EC0-301F-11D3-BF4B-00C04F79EFBC}") = "GTUService", "GTUService\GTUService.csproj", "{36D8A229-E7ED-46C5-9EDA-0C15AD6D3F8F}"
EndProject
Project("{FAE04EC0-301F-11D3-BF4B-00C04F79EFBC}") = "Test", "Test\Test.csproj", "{7E9B0857-F574-48DC-9537-68385C904CF6}"
EndProject
Project("{FAE04EC0-301F-11D3-BF4B-00C04F79EFBC}") = "GPSMonitorServiceClient", "GPSMonitorServiceClient\GPSMonitorServiceClient.csproj", "{E4272779-7C10-49AD-AFC5-BAB5B79B1EAE}"
EndProject
Project("{FAE04EC0-301F-11D3-BF4B-00C04F79EFBC}") = "QueueUpdater", "QueueUpdater\QueueUpdater.csproj", "{FBC2DD7C-3C9E-4A88-B261-074786E60261}"
EndProject
Project("{FAE04EC0-301F-11D3-BF4B-00C04F79EFBC}") = "TestConsole", "TestConsole\TestConsole.csproj", "{8DEE06D1-F750-4484-9AD2-17085014CCA1}"
EndProject
Project("{FAE04EC0-301F-11D3-BF4B-00C04F79EFBC}") = "UnitTest", "UnitTest\UnitTest.csproj", "{2BDD36A8-72EB-46DA-B423-337A86688CCE}"
EndProject
Global
	GlobalSection(SolutionConfigurationPlatforms) = preSolution
		Debug|Any CPU = Debug|Any CPU
		Release|Any CPU = Release|Any CPU
	EndGlobalSection
	GlobalSection(ProjectConfigurationPlatforms) = postSolution
		{F87F4F06-71A9-43F2-9910-7B0E4B8A5AAD}.Debug|Any CPU.ActiveCfg = Debug|Any CPU
		{F87F4F06-71A9-43F2-9910-7B0E4B8A5AAD}.Debug|Any CPU.Build.0 = Debug|Any CPU
		{F87F4F06-71A9-43F2-9910-7B0E4B8A5AAD}.Release|Any CPU.ActiveCfg = Release|Any CPU
		{F87F4F06-71A9-43F2-9910-7B0E4B8A5AAD}.Release|Any CPU.Build.0 = Release|Any CPU
		{60E14C29-976C-45F1-AC69-9B381106750A}.Debug|Any CPU.ActiveCfg = Debug
		{60E14C29-976C-45F1-AC69-9B381106750A}.Release|Any CPU.ActiveCfg = Release
		{36D8A229-E7ED-46C5-9EDA-0C15AD6D3F8F}.Debug|Any CPU.ActiveCfg = Debug|Any CPU
		{36D8A229-E7ED-46C5-9EDA-0C15AD6D3F8F}.Debug|Any CPU.Build.0 = Debug|Any CPU
		{36D8A229-E7ED-46C5-9EDA-0C15AD6D3F8F}.Release|Any CPU.ActiveCfg = Release|Any CPU
		{36D8A229-E7ED-46C5-9EDA-0C15AD6D3F8F}.Release|Any CPU.Build.0 = Release|Any CPU
		{7E9B0857-F574-48DC-9537-68385C904CF6}.Debug|Any CPU.ActiveCfg = Debug|Any CPU
		{7E9B0857-F574-48DC-9537-68385C904CF6}.Debug|Any CPU.Build.0 = Debug|Any CPU
		{7E9B0857-F574-48DC-9537-68385C904CF6}.Release|Any CPU.ActiveCfg = Release|Any CPU
		{7E9B0857-F574-48DC-9537-68385C904CF6}.Release|Any CPU.Build.0 = Release|Any CPU
		{E4272779-7C10-49AD-AFC5-BAB5B79B1EAE}.Debug|Any CPU.ActiveCfg = Debug|Any CPU
		{E4272779-7C10-49AD-AFC5-BAB5B79B1EAE}.Debug|Any CPU.Build.0 = Debug|Any CPU
		{E4272779-7C10-49AD-AFC5-BAB5B79B1EAE}.Release|Any CPU.ActiveCfg = Release|Any CPU
		{E4272779-7C10-49AD-AFC5-BAB5B79B1EAE}.Release|Any CPU.Build.0 = Release|Any CPU
		{FBC2DD7C-3C9E-4A88-B261-074786E60261}.Debug|Any CPU.ActiveCfg = Debug|Any CPU
		{FBC2DD7C-3C9E-4A88-B261-074786E60261}.Debug|Any CPU.Build.0 = Debug|Any CPU
		{FBC2DD7C-3C9E-4A88-B261-074786E60261}.Release|Any CPU.ActiveCfg = Release|Any CPU
		{FBC2DD7C-3C9E-4A88-B261-074786E60261}.Release|Any CPU.Build.0 = Release|Any CPU
		{8DEE06D1-F750-4484-9AD2-17085014CCA1}.Debug|Any CPU.ActiveCfg = Debug|Any CPU
		{8DEE06D1-F750-4484-9AD2-17085014CCA1}.Debug|Any CPU.Build.0 = Debug|Any CPU
		{8DEE06D1-F750-4484-9AD2-17085014CCA1}.Release|Any CPU.ActiveCfg = Release|Any CPU
		{8DEE06D1-F750-4484-9AD2-17085014CCA1}.Release|Any CPU.Build.0 = Release|Any CPU
		{2BDD36A8-72EB-46DA-B423-337A86688CCE}.Debug|Any CPU.ActiveCfg = Debug|Any CPU
		{2BDD36A8-72EB-46DA-B423-337A86688CCE}.Debug|Any CPU.Build.0 = Debug|Any CPU
		{2BDD36A8-72EB-46DA-B423-337A86688CCE}.Release|Any CPU.ActiveCfg = Release|Any CPU
		{2BDD36A8-72EB-46DA-B423-337A86688CCE}.Release|Any CPU.Build.0 = Release|Any CPU
	EndGlobalSection
	GlobalSection(SolutionProperties) = preSolution
		HideSolutionNode = FALSE
	EndGlobalSection
	GlobalSection(ExtensibilityGlobals) = postSolution
		SolutionGuid = {C6795B4D-F0CB-4D0E-A052-B057C345F2DD}
	EndGlobalSection
EndGlobal
