
Microsoft Visual Studio Solution File, Format Version 12.00
# Visual Studio Version 17
VisualStudioVersion = 17.0.31521.260
MinimumVisualStudioVersion = 10.0.40219.1
Project("{9A19103F-16F7-4668-BE54-9A1E7A4F7556}") = "Vargainc.Timm.Models", "Vargainc.Timm.Models\Vargainc.Timm.Models.csproj", "{E7A4A1E9-18DE-4D62-828F-3BE02E913B10}"
EndProject
Project("{9A19103F-16F7-4668-BE54-9A1E7A4F7556}") = "Vargainc.Timm.EF", "Vargainc.Timm.EF\Vargainc.Timm.EF.csproj", "{51901696-9A1D-4B06-9B8E-8185A33F984F}"
EndProject
Project("{FAE04EC0-301F-11D3-BF4B-00C04F79EFBC}") = "Vargainc.Timm.REST", "Vargainc.Timm.REST\Vargainc.Timm.REST.csproj", "{668345C6-4A4B-46DC-B1D5-B20080337C04}"
EndProject
Project("{9A19103F-16F7-4668-BE54-9A1E7A4F7556}") = "Vargainc.Timm.Extentions", "Vargainc.Timm.Extentions\Vargainc.Timm.Extentions.csproj", "{28DC8819-C55C-4D82-92BC-0481B847AEBC}"
EndProject
Project("{9A19103F-16F7-4668-BE54-9A1E7A4F7556}") = "NetTopologySuite.IO.VectorTiles", "NetTopologySuite.IO.VectorTiles\NetTopologySuite.IO.VectorTiles.csproj", "{805BD8B4-4A0D-4527-955C-C169E43F6F0D}"
EndProject
Project("{9A19103F-16F7-4668-BE54-9A1E7A4F7556}") = "NetTopologySuite.IO.VectorTiles.GeoJson", "NetTopologySuite.IO.VectorTiles.GeoJson\NetTopologySuite.IO.VectorTiles.GeoJson.csproj", "{6351762B-1FE3-420F-8E95-6D11E30212A5}"
EndProject
Project("{9A19103F-16F7-4668-BE54-9A1E7A4F7556}") = "NetTopologySuite.IO.VectorTiles.Mapbox", "NetTopologySuite.IO.VectorTiles.Mapbox\NetTopologySuite.IO.VectorTiles.Mapbox.csproj", "{EB5999AD-2B9E-46A9-A3AF-C70F46C9CF7B}"
EndProject
Project("{2150E333-8FDC-42A3-9474-1A3956D46DE8}") = "Solution Items", "Solution Items", "{4F245164-029F-40C6-8D2D-99D964C97CCC}"
	ProjectSection(SolutionItems) = preProject
		.editorconfig = .editorconfig
	EndProjectSection
EndProject
Global
	GlobalSection(SolutionConfigurationPlatforms) = preSolution
		Debug|Any CPU = Debug|Any CPU
		Release|Any CPU = Release|Any CPU
	EndGlobalSection
	GlobalSection(ProjectConfigurationPlatforms) = postSolution
		{E7A4A1E9-18DE-4D62-828F-3BE02E913B10}.Debug|Any CPU.ActiveCfg = Debug|Any CPU
		{E7A4A1E9-18DE-4D62-828F-3BE02E913B10}.Debug|Any CPU.Build.0 = Debug|Any CPU
		{E7A4A1E9-18DE-4D62-828F-3BE02E913B10}.Release|Any CPU.ActiveCfg = Release|Any CPU
		{E7A4A1E9-18DE-4D62-828F-3BE02E913B10}.Release|Any CPU.Build.0 = Release|Any CPU
		{51901696-9A1D-4B06-9B8E-8185A33F984F}.Debug|Any CPU.ActiveCfg = Debug|Any CPU
		{51901696-9A1D-4B06-9B8E-8185A33F984F}.Debug|Any CPU.Build.0 = Debug|Any CPU
		{51901696-9A1D-4B06-9B8E-8185A33F984F}.Release|Any CPU.ActiveCfg = Release|Any CPU
		{51901696-9A1D-4B06-9B8E-8185A33F984F}.Release|Any CPU.Build.0 = Release|Any CPU
		{668345C6-4A4B-46DC-B1D5-B20080337C04}.Debug|Any CPU.ActiveCfg = Debug|Any CPU
		{668345C6-4A4B-46DC-B1D5-B20080337C04}.Debug|Any CPU.Build.0 = Debug|Any CPU
		{668345C6-4A4B-46DC-B1D5-B20080337C04}.Release|Any CPU.ActiveCfg = Release|Any CPU
		{668345C6-4A4B-46DC-B1D5-B20080337C04}.Release|Any CPU.Build.0 = Release|Any CPU
		{28DC8819-C55C-4D82-92BC-0481B847AEBC}.Debug|Any CPU.ActiveCfg = Debug|Any CPU
		{28DC8819-C55C-4D82-92BC-0481B847AEBC}.Debug|Any CPU.Build.0 = Debug|Any CPU
		{28DC8819-C55C-4D82-92BC-0481B847AEBC}.Release|Any CPU.ActiveCfg = Release|Any CPU
		{28DC8819-C55C-4D82-92BC-0481B847AEBC}.Release|Any CPU.Build.0 = Release|Any CPU
		{805BD8B4-4A0D-4527-955C-C169E43F6F0D}.Debug|Any CPU.ActiveCfg = Debug|Any CPU
		{805BD8B4-4A0D-4527-955C-C169E43F6F0D}.Debug|Any CPU.Build.0 = Debug|Any CPU
		{805BD8B4-4A0D-4527-955C-C169E43F6F0D}.Release|Any CPU.ActiveCfg = Release|Any CPU
		{805BD8B4-4A0D-4527-955C-C169E43F6F0D}.Release|Any CPU.Build.0 = Release|Any CPU
		{6351762B-1FE3-420F-8E95-6D11E30212A5}.Debug|Any CPU.ActiveCfg = Debug|Any CPU
		{6351762B-1FE3-420F-8E95-6D11E30212A5}.Debug|Any CPU.Build.0 = Debug|Any CPU
		{6351762B-1FE3-420F-8E95-6D11E30212A5}.Release|Any CPU.ActiveCfg = Release|Any CPU
		{6351762B-1FE3-420F-8E95-6D11E30212A5}.Release|Any CPU.Build.0 = Release|Any CPU
		{EB5999AD-2B9E-46A9-A3AF-C70F46C9CF7B}.Debug|Any CPU.ActiveCfg = Debug|Any CPU
		{EB5999AD-2B9E-46A9-A3AF-C70F46C9CF7B}.Debug|Any CPU.Build.0 = Debug|Any CPU
		{EB5999AD-2B9E-46A9-A3AF-C70F46C9CF7B}.Release|Any CPU.ActiveCfg = Release|Any CPU
		{EB5999AD-2B9E-46A9-A3AF-C70F46C9CF7B}.Release|Any CPU.Build.0 = Release|Any CPU
	EndGlobalSection
	GlobalSection(SolutionProperties) = preSolution
		HideSolutionNode = FALSE
	EndGlobalSection
	GlobalSection(ExtensibilityGlobals) = postSolution
		SolutionGuid = {CB187DEF-D386-4DB2-85BC-FC865A9A5BD2}
	EndGlobalSection
	GlobalSection(SubversionScc) = preSolution
		Svn-Managed = True
		Manager = AnkhSVN - Subversion Support for Visual Studio
	EndGlobalSection
EndGlobal
